
Microsoft Visual Studio Solution File, Format Version 12.00
# Visual Studio 15
VisualStudioVersion = 15.0.28010.2036
MinimumVisualStudioVersion = 10.0.40219.1
Project("{FAE04EC0-301F-11D3-BF4B-00C04F79EFBC}") = "StacksQueues", "StacksQueues\StacksQueues.csproj", "{0C1AEDE8-C14C-4087-A1C4-B4925DBC73BD}"
EndProject
Global
	GlobalSection(SolutionConfigurationPlatforms) = preSolution
		Debug|Any CPU = Debug|Any CPU
		Release|Any CPU = Release|Any CPU
	EndGlobalSection
	GlobalSection(ProjectConfigurationPlatforms) = postSolution
		{0C1AEDE8-C14C-4087-A1C4-B4925DBC73BD}.Debug|Any CPU.ActiveCfg = Debug|Any CPU
		{0C1AEDE8-C14C-4087-A1C4-B4925DBC73BD}.Debug|Any CPU.Build.0 = Debug|Any CPU
		{0C1AEDE8-C14C-4087-A1C4-B4925DBC73BD}.Release|Any CPU.ActiveCfg = Release|Any CPU
		{0C1AEDE8-C14C-4087-A1C4-B4925DBC73BD}.Release|Any CPU.Build.0 = Release|Any CPU
	EndGlobalSection
	GlobalSection(SolutionProperties) = preSolution
		HideSolutionNode = FALSE
	EndGlobalSection
	GlobalSection(ExtensibilityGlobals) = postSolution
		SolutionGuid = {CDE94433-43E7-4C1F-977F-4175F9F04586}
	EndGlobalSection
EndGlobal
